
Microsoft Visual Studio Solution File, Format Version 12.00
# Visual Studio Version 17
VisualStudioVersion = 17.8.34601.278
MinimumVisualStudioVersion = 10.0.40219.1
Project("{FAE04EC0-301F-11D3-BF4B-00C04F79EFBC}") = "AlgorithmsLoop", "AlgorithmsLoop\AlgorithmsLoop.csproj", "{68FA1B76-E9D0-43F0-A948-830636716141}"
EndProject
Global
	GlobalSection(SolutionConfigurationPlatforms) = preSolution
		Debug|Any CPU = Debug|Any CPU
		Release|Any CPU = Release|Any CPU
	EndGlobalSection
	GlobalSection(ProjectConfigurationPlatforms) = postSolution
		{68FA1B76-E9D0-43F0-A948-830636716141}.Debug|Any CPU.ActiveCfg = Debug|Any CPU
		{68FA1B76-E9D0-43F0-A948-830636716141}.Debug|Any CPU.Build.0 = Debug|Any CPU
		{68FA1B76-E9D0-43F0-A948-830636716141}.Release|Any CPU.ActiveCfg = Release|Any CPU
		{68FA1B76-E9D0-43F0-A948-830636716141}.Release|Any CPU.Build.0 = Release|Any CPU
	EndGlobalSection
	GlobalSection(SolutionProperties) = preSolution
		HideSolutionNode = FALSE
	EndGlobalSection
	GlobalSection(ExtensibilityGlobals) = postSolution
		SolutionGuid = {3132B7FF-9378-44B5-9BC5-CF8E26E265A1}
	EndGlobalSection
EndGlobal
